
Microsoft Visual Studio Solution File, Format Version 12.00
# Visual Studio Version 17
VisualStudioVersion = 17.14.36327.8
MinimumVisualStudioVersion = 10.0.40219.1
Project("{FAE04EC0-301F-11D3-BF4B-00C04F79EFBC}") = "SebastianRomero-EjercicioObligatorioN°5", "SebastianRomero-EjercicioObligatorioN°5\SebastianRomero-EjercicioObligatorioN°5.csproj", "{13265CE8-79DD-4266-B003-1A85961143F0}"
EndProject
Project("{FAE04EC0-301F-11D3-BF4B-00C04F79EFBC}") = "SebastianRomero-EjercicioObligatorioN°4", "D:\Programas\SebastianRomero-EjercicioObligatorioN°4\SebastianRomero-EjercicioObligatorioN°4\SebastianRomero-EjercicioObligatorioN°4.csproj", "{C4C1759F-89F9-D6CD-D372-3F041C2AB789}"
EndProject
Global
	GlobalSection(SolutionConfigurationPlatforms) = preSolution
		Debug|Any CPU = Debug|Any CPU
		Release|Any CPU = Release|Any CPU
	EndGlobalSection
	GlobalSection(ProjectConfigurationPlatforms) = postSolution
		{13265CE8-79DD-4266-B003-1A85961143F0}.Debug|Any CPU.ActiveCfg = Debug|Any CPU
		{13265CE8-79DD-4266-B003-1A85961143F0}.Debug|Any CPU.Build.0 = Debug|Any CPU
		{13265CE8-79DD-4266-B003-1A85961143F0}.Release|Any CPU.ActiveCfg = Release|Any CPU
		{13265CE8-79DD-4266-B003-1A85961143F0}.Release|Any CPU.Build.0 = Release|Any CPU
		{C4C1759F-89F9-D6CD-D372-3F041C2AB789}.Debug|Any CPU.ActiveCfg = Debug|Any CPU
		{C4C1759F-89F9-D6CD-D372-3F041C2AB789}.Debug|Any CPU.Build.0 = Debug|Any CPU
		{C4C1759F-89F9-D6CD-D372-3F041C2AB789}.Release|Any CPU.ActiveCfg = Release|Any CPU
		{C4C1759F-89F9-D6CD-D372-3F041C2AB789}.Release|Any CPU.Build.0 = Release|Any CPU
	EndGlobalSection
	GlobalSection(SolutionProperties) = preSolution
		HideSolutionNode = FALSE
	EndGlobalSection
	GlobalSection(ExtensibilityGlobals) = postSolution
		SolutionGuid = {DE0FBF47-B88D-47DC-9C65-6588899EFCDA}
	EndGlobalSection
EndGlobal
